
Microsoft Visual Studio Solution File, Format Version 12.00
# Visual Studio Version 16
VisualStudioVersion = 16.0.31112.23
MinimumVisualStudioVersion = 10.0.40219.1
Project("{FAE04EC0-301F-11D3-BF4B-00C04F79EFBC}") = "ChatBotCenterAPI", "ChatBotCenterAPI.csproj", "{DD5E6F8D-C9A1-4114-803A-B5B96CAC5E05}"
EndProject
Global
	GlobalSection(SolutionConfigurationPlatforms) = preSolution
		Debug|Any CPU = Debug|Any CPU
		Release|Any CPU = Release|Any CPU
	EndGlobalSection
	GlobalSection(ProjectConfigurationPlatforms) = postSolution
		{DD5E6F8D-C9A1-4114-803A-B5B96CAC5E05}.Debug|Any CPU.ActiveCfg = Debug|Any CPU
		{DD5E6F8D-C9A1-4114-803A-B5B96CAC5E05}.Debug|Any CPU.Build.0 = Debug|Any CPU
		{DD5E6F8D-C9A1-4114-803A-B5B96CAC5E05}.Release|Any CPU.ActiveCfg = Release|Any CPU
		{DD5E6F8D-C9A1-4114-803A-B5B96CAC5E05}.Release|Any CPU.Build.0 = Release|Any CPU
	EndGlobalSection
	GlobalSection(SolutionProperties) = preSolution
		HideSolutionNode = FALSE
	EndGlobalSection
	GlobalSection(ExtensibilityGlobals) = postSolution
		SolutionGuid = {E593A80A-48AE-457A-8272-A0FBCDCB4379}
	EndGlobalSection
EndGlobal
